
Microsoft Visual Studio Solution File, Format Version 12.00
# Visual Studio Version 16
Project("{2150E333-8FDC-42A3-9474-1A3956D46DE8}") = "CMake", "CMake", "{9C0728A4-7974-3265-BA84-7B580F20069D}"
EndProject
Project("{2150E333-8FDC-42A3-9474-1A3956D46DE8}") = "SFML", "SFML", "{16FC6AED-8FB8-3658-B847-7C2A98489A24}"
EndProject
Project("{8BC9CEB8-8B4A-11D0-8D11-00A0C91BC942}") = "FlappyBird", "FlappyBird.vcxproj", "{05A2E537-32BD-32E4-85C1-A1224E98DFBF}"
	ProjectSection(ProjectDependencies) = postProject
		{309DCF32-39E9-30E8-8401-8B89FD0AB8FF} = {309DCF32-39E9-30E8-8401-8B89FD0AB8FF}
		{3400B0CD-3F5E-3F8A-AB49-27D723C7BD90} = {3400B0CD-3F5E-3F8A-AB49-27D723C7BD90}
		{3B0D5E64-C601-3866-A44B-D1BFA8D71D88} = {3B0D5E64-C601-3866-A44B-D1BFA8D71D88}
		{CE37B2DA-81AA-30AC-B441-715A1B02C6C1} = {CE37B2DA-81AA-30AC-B441-715A1B02C6C1}
		{17F546EC-AF1C-36F8-9F7A-E834CAC4CEBA} = {17F546EC-AF1C-36F8-9F7A-E834CAC4CEBA}
		{6DF15C5A-26D4-38B4-B798-E797007C635E} = {6DF15C5A-26D4-38B4-B798-E797007C635E}
		{57641F5C-950B-3CF3-84B5-EF74E1B2867B} = {57641F5C-950B-3CF3-84B5-EF74E1B2867B}
	EndProjectSection
EndProject
Project("{8BC9CEB8-8B4A-11D0-8D11-00A0C91BC942}") = "ALL_BUILD", "ALL_BUILD.vcxproj", "{3FF5A31C-D394-3749-A492-7844E643A784}"
	ProjectSection(ProjectDependencies) = postProject
		{05A2E537-32BD-32E4-85C1-A1224E98DFBF} = {05A2E537-32BD-32E4-85C1-A1224E98DFBF}
		{309DCF32-39E9-30E8-8401-8B89FD0AB8FF} = {309DCF32-39E9-30E8-8401-8B89FD0AB8FF}
		{3400B0CD-3F5E-3F8A-AB49-27D723C7BD90} = {3400B0CD-3F5E-3F8A-AB49-27D723C7BD90}
		{3B0D5E64-C601-3866-A44B-D1BFA8D71D88} = {3B0D5E64-C601-3866-A44B-D1BFA8D71D88}
		{CE37B2DA-81AA-30AC-B441-715A1B02C6C1} = {CE37B2DA-81AA-30AC-B441-715A1B02C6C1}
		{B0251C60-EF7E-3878-B3E4-094780918954} = {B0251C60-EF7E-3878-B3E4-094780918954}
		{17F546EC-AF1C-36F8-9F7A-E834CAC4CEBA} = {17F546EC-AF1C-36F8-9F7A-E834CAC4CEBA}
		{6DF15C5A-26D4-38B4-B798-E797007C635E} = {6DF15C5A-26D4-38B4-B798-E797007C635E}
		{57641F5C-950B-3CF3-84B5-EF74E1B2867B} = {57641F5C-950B-3CF3-84B5-EF74E1B2867B}
	EndProjectSection
EndProject
Project("{8BC9CEB8-8B4A-11D0-8D11-00A0C91BC942}") = "INSTALL", "INSTALL.vcxproj", "{6ABF304F-83A1-3A13-ACE2-F7B837BB7E68}"
	ProjectSection(ProjectDependencies) = postProject
		{3FF5A31C-D394-3749-A492-7844E643A784} = {3FF5A31C-D394-3749-A492-7844E643A784}
		{3400B0CD-3F5E-3F8A-AB49-27D723C7BD90} = {3400B0CD-3F5E-3F8A-AB49-27D723C7BD90}
	EndProjectSection
EndProject
Project("{8BC9CEB8-8B4A-11D0-8D11-00A0C91BC942}") = "TYRANT", "TYRANT\TYRANT.vcxproj", "{309DCF32-39E9-30E8-8401-8B89FD0AB8FF}"
	ProjectSection(ProjectDependencies) = postProject
		{3400B0CD-3F5E-3F8A-AB49-27D723C7BD90} = {3400B0CD-3F5E-3F8A-AB49-27D723C7BD90}
		{3B0D5E64-C601-3866-A44B-D1BFA8D71D88} = {3B0D5E64-C601-3866-A44B-D1BFA8D71D88}
		{CE37B2DA-81AA-30AC-B441-715A1B02C6C1} = {CE37B2DA-81AA-30AC-B441-715A1B02C6C1}
		{17F546EC-AF1C-36F8-9F7A-E834CAC4CEBA} = {17F546EC-AF1C-36F8-9F7A-E834CAC4CEBA}
		{6DF15C5A-26D4-38B4-B798-E797007C635E} = {6DF15C5A-26D4-38B4-B798-E797007C635E}
		{57641F5C-950B-3CF3-84B5-EF74E1B2867B} = {57641F5C-950B-3CF3-84B5-EF74E1B2867B}
	EndProjectSection
EndProject
Project("{8BC9CEB8-8B4A-11D0-8D11-00A0C91BC942}") = "ZERO_CHECK", "ZERO_CHECK.vcxproj", "{3400B0CD-3F5E-3F8A-AB49-27D723C7BD90}"
	ProjectSection(ProjectDependencies) = postProject
	EndProjectSection
EndProject
Project("{8BC9CEB8-8B4A-11D0-8D11-00A0C91BC942}") = "sfml-audio", "TYRANT\vendor\sflm\src\SFML\Audio\sfml-audio.vcxproj", "{3B0D5E64-C601-3866-A44B-D1BFA8D71D88}"
	ProjectSection(ProjectDependencies) = postProject
		{3400B0CD-3F5E-3F8A-AB49-27D723C7BD90} = {3400B0CD-3F5E-3F8A-AB49-27D723C7BD90}
		{6DF15C5A-26D4-38B4-B798-E797007C635E} = {6DF15C5A-26D4-38B4-B798-E797007C635E}
	EndProjectSection
EndProject
Project("{8BC9CEB8-8B4A-11D0-8D11-00A0C91BC942}") = "sfml-graphics", "TYRANT\vendor\sflm\src\SFML\Graphics\sfml-graphics.vcxproj", "{CE37B2DA-81AA-30AC-B441-715A1B02C6C1}"
	ProjectSection(ProjectDependencies) = postProject
		{3400B0CD-3F5E-3F8A-AB49-27D723C7BD90} = {3400B0CD-3F5E-3F8A-AB49-27D723C7BD90}
		{6DF15C5A-26D4-38B4-B798-E797007C635E} = {6DF15C5A-26D4-38B4-B798-E797007C635E}
		{57641F5C-950B-3CF3-84B5-EF74E1B2867B} = {57641F5C-950B-3CF3-84B5-EF74E1B2867B}
	EndProjectSection
EndProject
Project("{8BC9CEB8-8B4A-11D0-8D11-00A0C91BC942}") = "sfml-main", "TYRANT\vendor\sflm\src\SFML\Main\sfml-main.vcxproj", "{B0251C60-EF7E-3878-B3E4-094780918954}"
	ProjectSection(ProjectDependencies) = postProject
		{3400B0CD-3F5E-3F8A-AB49-27D723C7BD90} = {3400B0CD-3F5E-3F8A-AB49-27D723C7BD90}
	EndProjectSection
EndProject
Project("{8BC9CEB8-8B4A-11D0-8D11-00A0C91BC942}") = "sfml-network", "TYRANT\vendor\sflm\src\SFML\Network\sfml-network.vcxproj", "{17F546EC-AF1C-36F8-9F7A-E834CAC4CEBA}"
	ProjectSection(ProjectDependencies) = postProject
		{3400B0CD-3F5E-3F8A-AB49-27D723C7BD90} = {3400B0CD-3F5E-3F8A-AB49-27D723C7BD90}
		{6DF15C5A-26D4-38B4-B798-E797007C635E} = {6DF15C5A-26D4-38B4-B798-E797007C635E}
	EndProjectSection
EndProject
Project("{8BC9CEB8-8B4A-11D0-8D11-00A0C91BC942}") = "sfml-system", "TYRANT\vendor\sflm\src\SFML\System\sfml-system.vcxproj", "{6DF15C5A-26D4-38B4-B798-E797007C635E}"
	ProjectSection(ProjectDependencies) = postProject
		{3400B0CD-3F5E-3F8A-AB49-27D723C7BD90} = {3400B0CD-3F5E-3F8A-AB49-27D723C7BD90}
	EndProjectSection
EndProject
Project("{8BC9CEB8-8B4A-11D0-8D11-00A0C91BC942}") = "sfml-window", "TYRANT\vendor\sflm\src\SFML\Window\sfml-window.vcxproj", "{57641F5C-950B-3CF3-84B5-EF74E1B2867B}"
	ProjectSection(ProjectDependencies) = postProject
		{3400B0CD-3F5E-3F8A-AB49-27D723C7BD90} = {3400B0CD-3F5E-3F8A-AB49-27D723C7BD90}
		{6DF15C5A-26D4-38B4-B798-E797007C635E} = {6DF15C5A-26D4-38B4-B798-E797007C635E}
	EndProjectSection
EndProject
Global
	GlobalSection(SolutionConfigurationPlatforms) = preSolution
		Debug|x64 = Debug|x64
		Release|x64 = Release|x64
		MinSizeRel|x64 = MinSizeRel|x64
		RelWithDebInfo|x64 = RelWithDebInfo|x64
	EndGlobalSection
	GlobalSection(ProjectConfigurationPlatforms) = postSolution
		{05A2E537-32BD-32E4-85C1-A1224E98DFBF}.Debug|x64.ActiveCfg = Debug|x64
		{05A2E537-32BD-32E4-85C1-A1224E98DFBF}.Debug|x64.Build.0 = Debug|x64
		{05A2E537-32BD-32E4-85C1-A1224E98DFBF}.Release|x64.ActiveCfg = Release|x64
		{05A2E537-32BD-32E4-85C1-A1224E98DFBF}.Release|x64.Build.0 = Release|x64
		{05A2E537-32BD-32E4-85C1-A1224E98DFBF}.MinSizeRel|x64.ActiveCfg = MinSizeRel|x64
		{05A2E537-32BD-32E4-85C1-A1224E98DFBF}.MinSizeRel|x64.Build.0 = MinSizeRel|x64
		{05A2E537-32BD-32E4-85C1-A1224E98DFBF}.RelWithDebInfo|x64.ActiveCfg = RelWithDebInfo|x64
		{05A2E537-32BD-32E4-85C1-A1224E98DFBF}.RelWithDebInfo|x64.Build.0 = RelWithDebInfo|x64
		{3FF5A31C-D394-3749-A492-7844E643A784}.Debug|x64.ActiveCfg = Debug|x64
		{3FF5A31C-D394-3749-A492-7844E643A784}.Debug|x64.Build.0 = Debug|x64
		{3FF5A31C-D394-3749-A492-7844E643A784}.Release|x64.ActiveCfg = Release|x64
		{3FF5A31C-D394-3749-A492-7844E643A784}.Release|x64.Build.0 = Release|x64
		{3FF5A31C-D394-3749-A492-7844E643A784}.MinSizeRel|x64.ActiveCfg = MinSizeRel|x64
		{3FF5A31C-D394-3749-A492-7844E643A784}.MinSizeRel|x64.Build.0 = MinSizeRel|x64
		{3FF5A31C-D394-3749-A492-7844E643A784}.RelWithDebInfo|x64.ActiveCfg = RelWithDebInfo|x64
		{3FF5A31C-D394-3749-A492-7844E643A784}.RelWithDebInfo|x64.Build.0 = RelWithDebInfo|x64
		{6ABF304F-83A1-3A13-ACE2-F7B837BB7E68}.Debug|x64.ActiveCfg = Debug|x64
		{6ABF304F-83A1-3A13-ACE2-F7B837BB7E68}.Release|x64.ActiveCfg = Release|x64
		{6ABF304F-83A1-3A13-ACE2-F7B837BB7E68}.MinSizeRel|x64.ActiveCfg = MinSizeRel|x64
		{6ABF304F-83A1-3A13-ACE2-F7B837BB7E68}.RelWithDebInfo|x64.ActiveCfg = RelWithDebInfo|x64
		{309DCF32-39E9-30E8-8401-8B89FD0AB8FF}.Debug|x64.ActiveCfg = Debug|x64
		{309DCF32-39E9-30E8-8401-8B89FD0AB8FF}.Debug|x64.Build.0 = Debug|x64
		{309DCF32-39E9-30E8-8401-8B89FD0AB8FF}.Release|x64.ActiveCfg = Release|x64
		{309DCF32-39E9-30E8-8401-8B89FD0AB8FF}.Release|x64.Build.0 = Release|x64
		{309DCF32-39E9-30E8-8401-8B89FD0AB8FF}.MinSizeRel|x64.ActiveCfg = MinSizeRel|x64
		{309DCF32-39E9-30E8-8401-8B89FD0AB8FF}.MinSizeRel|x64.Build.0 = MinSizeRel|x64
		{309DCF32-39E9-30E8-8401-8B89FD0AB8FF}.RelWithDebInfo|x64.ActiveCfg = RelWithDebInfo|x64
		{309DCF32-39E9-30E8-8401-8B89FD0AB8FF}.RelWithDebInfo|x64.Build.0 = RelWithDebInfo|x64
		{3400B0CD-3F5E-3F8A-AB49-27D723C7BD90}.Debug|x64.ActiveCfg = Debug|x64
		{3400B0CD-3F5E-3F8A-AB49-27D723C7BD90}.Debug|x64.Build.0 = Debug|x64
		{3400B0CD-3F5E-3F8A-AB49-27D723C7BD90}.Release|x64.ActiveCfg = Release|x64
		{3400B0CD-3F5E-3F8A-AB49-27D723C7BD90}.Release|x64.Build.0 = Release|x64
		{3400B0CD-3F5E-3F8A-AB49-27D723C7BD90}.MinSizeRel|x64.ActiveCfg = MinSizeRel|x64
		{3400B0CD-3F5E-3F8A-AB49-27D723C7BD90}.MinSizeRel|x64.Build.0 = MinSizeRel|x64
		{3400B0CD-3F5E-3F8A-AB49-27D723C7BD90}.RelWithDebInfo|x64.ActiveCfg = RelWithDebInfo|x64
		{3400B0CD-3F5E-3F8A-AB49-27D723C7BD90}.RelWithDebInfo|x64.Build.0 = RelWithDebInfo|x64
		{3B0D5E64-C601-3866-A44B-D1BFA8D71D88}.Debug|x64.ActiveCfg = Debug|x64
		{3B0D5E64-C601-3866-A44B-D1BFA8D71D88}.Debug|x64.Build.0 = Debug|x64
		{3B0D5E64-C601-3866-A44B-D1BFA8D71D88}.Release|x64.ActiveCfg = Release|x64
		{3B0D5E64-C601-3866-A44B-D1BFA8D71D88}.Release|x64.Build.0 = Release|x64
		{3B0D5E64-C601-3866-A44B-D1BFA8D71D88}.MinSizeRel|x64.ActiveCfg = MinSizeRel|x64
		{3B0D5E64-C601-3866-A44B-D1BFA8D71D88}.MinSizeRel|x64.Build.0 = MinSizeRel|x64
		{3B0D5E64-C601-3866-A44B-D1BFA8D71D88}.RelWithDebInfo|x64.ActiveCfg = RelWithDebInfo|x64
		{3B0D5E64-C601-3866-A44B-D1BFA8D71D88}.RelWithDebInfo|x64.Build.0 = RelWithDebInfo|x64
		{CE37B2DA-81AA-30AC-B441-715A1B02C6C1}.Debug|x64.ActiveCfg = Debug|x64
		{CE37B2DA-81AA-30AC-B441-715A1B02C6C1}.Debug|x64.Build.0 = Debug|x64
		{CE37B2DA-81AA-30AC-B441-715A1B02C6C1}.Release|x64.ActiveCfg = Release|x64
		{CE37B2DA-81AA-30AC-B441-715A1B02C6C1}.Release|x64.Build.0 = Release|x64
		{CE37B2DA-81AA-30AC-B441-715A1B02C6C1}.MinSizeRel|x64.ActiveCfg = MinSizeRel|x64
		{CE37B2DA-81AA-30AC-B441-715A1B02C6C1}.MinSizeRel|x64.Build.0 = MinSizeRel|x64
		{CE37B2DA-81AA-30AC-B441-715A1B02C6C1}.RelWithDebInfo|x64.ActiveCfg = RelWithDebInfo|x64
		{CE37B2DA-81AA-30AC-B441-715A1B02C6C1}.RelWithDebInfo|x64.Build.0 = RelWithDebInfo|x64
		{B0251C60-EF7E-3878-B3E4-094780918954}.Debug|x64.ActiveCfg = Debug|x64
		{B0251C60-EF7E-3878-B3E4-094780918954}.Debug|x64.Build.0 = Debug|x64
		{B0251C60-EF7E-3878-B3E4-094780918954}.Release|x64.ActiveCfg = Release|x64
		{B0251C60-EF7E-3878-B3E4-094780918954}.Release|x64.Build.0 = Release|x64
		{B0251C60-EF7E-3878-B3E4-094780918954}.MinSizeRel|x64.ActiveCfg = MinSizeRel|x64
		{B0251C60-EF7E-3878-B3E4-094780918954}.MinSizeRel|x64.Build.0 = MinSizeRel|x64
		{B0251C60-EF7E-3878-B3E4-094780918954}.RelWithDebInfo|x64.ActiveCfg = RelWithDebInfo|x64
		{B0251C60-EF7E-3878-B3E4-094780918954}.RelWithDebInfo|x64.Build.0 = RelWithDebInfo|x64
		{17F546EC-AF1C-36F8-9F7A-E834CAC4CEBA}.Debug|x64.ActiveCfg = Debug|x64
		{17F546EC-AF1C-36F8-9F7A-E834CAC4CEBA}.Debug|x64.Build.0 = Debug|x64
		{17F546EC-AF1C-36F8-9F7A-E834CAC4CEBA}.Release|x64.ActiveCfg = Release|x64
		{17F546EC-AF1C-36F8-9F7A-E834CAC4CEBA}.Release|x64.Build.0 = Release|x64
		{17F546EC-AF1C-36F8-9F7A-E834CAC4CEBA}.MinSizeRel|x64.ActiveCfg = MinSizeRel|x64
		{17F546EC-AF1C-36F8-9F7A-E834CAC4CEBA}.MinSizeRel|x64.Build.0 = MinSizeRel|x64
		{17F546EC-AF1C-36F8-9F7A-E834CAC4CEBA}.RelWithDebInfo|x64.ActiveCfg = RelWithDebInfo|x64
		{17F546EC-AF1C-36F8-9F7A-E834CAC4CEBA}.RelWithDebInfo|x64.Build.0 = RelWithDebInfo|x64
		{6DF15C5A-26D4-38B4-B798-E797007C635E}.Debug|x64.ActiveCfg = Debug|x64
		{6DF15C5A-26D4-38B4-B798-E797007C635E}.Debug|x64.Build.0 = Debug|x64
		{6DF15C5A-26D4-38B4-B798-E797007C635E}.Release|x64.ActiveCfg = Release|x64
		{6DF15C5A-26D4-38B4-B798-E797007C635E}.Release|x64.Build.0 = Release|x64
		{6DF15C5A-26D4-38B4-B798-E797007C635E}.MinSizeRel|x64.ActiveCfg = MinSizeRel|x64
		{6DF15C5A-26D4-38B4-B798-E797007C635E}.MinSizeRel|x64.Build.0 = MinSizeRel|x64
		{6DF15C5A-26D4-38B4-B798-E797007C635E}.RelWithDebInfo|x64.ActiveCfg = RelWithDebInfo|x64
		{6DF15C5A-26D4-38B4-B798-E797007C635E}.RelWithDebInfo|x64.Build.0 = RelWithDebInfo|x64
		{57641F5C-950B-3CF3-84B5-EF74E1B2867B}.Debug|x64.ActiveCfg = Debug|x64
		{57641F5C-950B-3CF3-84B5-EF74E1B2867B}.Debug|x64.Build.0 = Debug|x64
		{57641F5C-950B-3CF3-84B5-EF74E1B2867B}.Release|x64.ActiveCfg = Release|x64
		{57641F5C-950B-3CF3-84B5-EF74E1B2867B}.Release|x64.Build.0 = Release|x64
		{57641F5C-950B-3CF3-84B5-EF74E1B2867B}.MinSizeRel|x64.ActiveCfg = MinSizeRel|x64
		{57641F5C-950B-3CF3-84B5-EF74E1B2867B}.MinSizeRel|x64.Build.0 = MinSizeRel|x64
		{57641F5C-950B-3CF3-84B5-EF74E1B2867B}.RelWithDebInfo|x64.ActiveCfg = RelWithDebInfo|x64
		{57641F5C-950B-3CF3-84B5-EF74E1B2867B}.RelWithDebInfo|x64.Build.0 = RelWithDebInfo|x64
	EndGlobalSection
	GlobalSection(NestedProjects) = preSolution
		{3FF5A31C-D394-3749-A492-7844E643A784} = {9C0728A4-7974-3265-BA84-7B580F20069D}
		{6ABF304F-83A1-3A13-ACE2-F7B837BB7E68} = {9C0728A4-7974-3265-BA84-7B580F20069D}
		{3400B0CD-3F5E-3F8A-AB49-27D723C7BD90} = {9C0728A4-7974-3265-BA84-7B580F20069D}
		{3B0D5E64-C601-3866-A44B-D1BFA8D71D88} = {16FC6AED-8FB8-3658-B847-7C2A98489A24}
		{CE37B2DA-81AA-30AC-B441-715A1B02C6C1} = {16FC6AED-8FB8-3658-B847-7C2A98489A24}
		{B0251C60-EF7E-3878-B3E4-094780918954} = {16FC6AED-8FB8-3658-B847-7C2A98489A24}
		{17F546EC-AF1C-36F8-9F7A-E834CAC4CEBA} = {16FC6AED-8FB8-3658-B847-7C2A98489A24}
		{6DF15C5A-26D4-38B4-B798-E797007C635E} = {16FC6AED-8FB8-3658-B847-7C2A98489A24}
		{57641F5C-950B-3CF3-84B5-EF74E1B2867B} = {16FC6AED-8FB8-3658-B847-7C2A98489A24}
	EndGlobalSection
	GlobalSection(ExtensibilityGlobals) = postSolution
		SolutionGuid = {1286DF21-DB88-37DB-836A-44366545213D}
	EndGlobalSection
	GlobalSection(ExtensibilityAddIns) = postSolution
	EndGlobalSection
EndGlobal
