<?xml version="1.0" encoding="utf-8"?>
<Project ToolsVersion="16.0" xmlns="http://schemas.microsoft.com/developer/msbuild/2003">
  <ItemGroup>
    <ClCompile Include="D:\FlappyBird-main\CMakeFiles\FlappyBird.dir\cmake_pch.cxx">
      <Filter>Source Files</Filter>
    </ClCompile>
    <ClCompile Include="D:\FlappyBird-main\FlappyBird\src\Bird.cpp">
      <Filter>Source Files</Filter>
    </ClCompile>
    <ClCompile Include="D:\FlappyBird-main\FlappyBird\src\Coin.cpp">
      <Filter>Source Files</Filter>
    </ClCompile>
    <ClCompile Include="D:\FlappyBird-main\FlappyBird\src\FlappyBirdApp.cpp">
      <Filter>Source Files</Filter>
    </ClCompile>
    <ClCompile Include="D:\FlappyBird-main\FlappyBird\src\GameOver.cpp">
      <Filter>Source Files</Filter>
    </ClCompile>
    <ClCompile Include="D:\FlappyBird-main\FlappyBird\src\MainGameLevel.cpp">
      <Filter>Source Files</Filter>
    </ClCompile>
    <ClCompile Include="D:\FlappyBird-main\FlappyBird\src\Pipe.cpp">
      <Filter>Source Files</Filter>
    </ClCompile>
    <ClCompile Include="D:\FlappyBird-main\FlappyBird\src\PipeGenerator.cpp">
      <Filter>Source Files</Filter>
    </ClCompile>
    <ClCompile Include="D:\FlappyBird-main\FlappyBird\src\PlayBtn.cpp">
      <Filter>Source Files</Filter>
    </ClCompile>
    <ClCompile Include="D:\FlappyBird-main\FlappyBird\src\main.cpp">
      <Filter>Source Files</Filter>
    </ClCompile>
  </ItemGroup>
  <ItemGroup>
    <ClInclude Include="D:\FlappyBird-main\FlappyBird\src\Bird.h">
      <Filter>Header Files</Filter>
    </ClInclude>
    <ClInclude Include="D:\FlappyBird-main\FlappyBird\src\Coin.h">
      <Filter>Header Files</Filter>
    </ClInclude>
    <ClInclude Include="D:\FlappyBird-main\FlappyBird\src\FlappyBirdApp.h">
      <Filter>Header Files</Filter>
    </ClInclude>
    <ClInclude Include="D:\FlappyBird-main\FlappyBird\src\GameOver.h">
      <Filter>Header Files</Filter>
    </ClInclude>
    <ClInclude Include="D:\FlappyBird-main\FlappyBird\src\MainGameLevel.h">
      <Filter>Header Files</Filter>
    </ClInclude>
    <ClInclude Include="D:\FlappyBird-main\FlappyBird\src\Pipe.h">
      <Filter>Header Files</Filter>
    </ClInclude>
    <ClInclude Include="D:\FlappyBird-main\FlappyBird\src\PipeGenerator.h">
      <Filter>Header Files</Filter>
    </ClInclude>
    <ClInclude Include="D:\FlappyBird-main\FlappyBird\src\PlayBtn.h">
      <Filter>Header Files</Filter>
    </ClInclude>
    <ClInclude Include="D:\FlappyBird-main\FlappyBird\src\test.h">
      <Filter>Header Files</Filter>
    </ClInclude>
    <ClInclude Include="D:\FlappyBird-main\CMakeFiles\FlappyBird.dir\Debug\cmake_pch.hxx">
      <Filter>Precompile Header File</Filter>
    </ClInclude>
    <ClInclude Include="D:\FlappyBird-main\CMakeFiles\FlappyBird.dir\Release\cmake_pch.hxx">
      <Filter>Precompile Header File</Filter>
    </ClInclude>
    <ClInclude Include="D:\FlappyBird-main\CMakeFiles\FlappyBird.dir\MinSizeRel\cmake_pch.hxx">
      <Filter>Precompile Header File</Filter>
    </ClInclude>
    <ClInclude Include="D:\FlappyBird-main\CMakeFiles\FlappyBird.dir\RelWithDebInfo\cmake_pch.hxx">
      <Filter>Precompile Header File</Filter>
    </ClInclude>
  </ItemGroup>
  <ItemGroup>
    <CustomBuild Include="D:\FlappyBird-main\CMakeLists.txt" />
  </ItemGroup>
  <ItemGroup>
    <Filter Include="Header Files">
      <UniqueIdentifier>{020C508B-F72A-319C-A9FE-DBD5034F5EBD}</UniqueIdentifier>
    </Filter>
    <Filter Include="Precompile Header File">
      <UniqueIdentifier>{6E55C1BA-0BF2-32EF-B0E3-918734B28C89}</UniqueIdentifier>
    </Filter>
    <Filter Include="Source Files">
      <UniqueIdentifier>{81CD356C-9EC2-38A3-8A2D-46D7F42DEEB1}</UniqueIdentifier>
    </Filter>
  </ItemGroup>
  <ItemGroup>
    <Font Include="Resources\Fonts\Elfboyclassic.ttf" />
  </ItemGroup>
</Project>