<?xml version="1.0" encoding="utf-8"?>
<Project ToolsVersion="16.0" xmlns="http://schemas.microsoft.com/developer/msbuild/2003">
  <ItemGroup>
    <CustomBuild Include="D:\FlappyBird-main\CMakeFiles\a6279dc55203cdc4fd1d9075b7ce36f1\INSTALL_force.rule">
      <Filter>CMake Rules</Filter>
    </CustomBuild>
  </ItemGroup>
  <ItemGroup>
    <Filter Include="CMake Rules">
      <UniqueIdentifier>{2B45B01F-58DA-383B-A4B5-ADAF11C9FBDA}</UniqueIdentifier>
    </Filter>
  </ItemGroup>
</Project>
