<?xml version="1.0" encoding="utf-8"?>
<Project ToolsVersion="16.0" xmlns="http://schemas.microsoft.com/developer/msbuild/2003">
  <ItemGroup>
    <ClCompile Include="D:\FlappyBird-main\TYRANT\CMakeFiles\TYRANT.dir\cmake_pch.cxx">
      <Filter>Source Files</Filter>
    </ClCompile>
    <ClCompile Include="D:\FlappyBird-main\TYRANT\src\Application.cpp">
      <Filter>Source Files</Filter>
    </ClCompile>
    <ClCompile Include="D:\FlappyBird-main\TYRANT\src\CollisionComp.cpp">
      <Filter>Source Files</Filter>
    </ClCompile>
    <ClCompile Include="D:\FlappyBird-main\TYRANT\src\Entity.cpp">
      <Filter>Source Files</Filter>
    </ClCompile>
    <ClCompile Include="D:\FlappyBird-main\TYRANT\src\GameObject.cpp">
      <Filter>Source Files</Filter>
    </ClCompile>
    <ClCompile Include="D:\FlappyBird-main\TYRANT\src\Level.cpp">
      <Filter>Source Files</Filter>
    </ClCompile>
    <ClCompile Include="D:\FlappyBird-main\TYRANT\src\MovementComp.cpp">
      <Filter>Source Files</Filter>
    </ClCompile>
    <ClCompile Include="D:\FlappyBird-main\TYRANT\src\PhysicsMovementComp.cpp">
      <Filter>Source Files</Filter>
    </ClCompile>
    <ClCompile Include="D:\FlappyBird-main\TYRANT\src\tyrant.cpp">
      <Filter>Source Files</Filter>
    </ClCompile>
  </ItemGroup>
  <ItemGroup>
    <ClInclude Include="D:\FlappyBird-main\TYRANT\include\Application.h">
      <Filter>Header Files</Filter>
    </ClInclude>
    <ClInclude Include="D:\FlappyBird-main\TYRANT\include\CollisionComp.h">
      <Filter>Header Files</Filter>
    </ClInclude>
    <ClInclude Include="D:\FlappyBird-main\TYRANT\include\Entity.h">
      <Filter>Header Files</Filter>
    </ClInclude>
    <ClInclude Include="D:\FlappyBird-main\TYRANT\include\EntityComponent.h">
      <Filter>Header Files</Filter>
    </ClInclude>
    <ClInclude Include="D:\FlappyBird-main\TYRANT\include\GameObject.h">
      <Filter>Header Files</Filter>
    </ClInclude>
    <ClInclude Include="D:\FlappyBird-main\TYRANT\include\Level.h">
      <Filter>Header Files</Filter>
    </ClInclude>
    <ClInclude Include="D:\FlappyBird-main\TYRANT\include\MovementComp.h">
      <Filter>Header Files</Filter>
    </ClInclude>
    <ClInclude Include="D:\FlappyBird-main\TYRANT\include\PhysicsMovementComp.h">
      <Filter>Header Files</Filter>
    </ClInclude>
    <ClInclude Include="D:\FlappyBird-main\TYRANT\include\TyrantCore.h">
      <Filter>Header Files</Filter>
    </ClInclude>
    <ClInclude Include="D:\FlappyBird-main\TYRANT\include\TyrantEntryPoint.h">
      <Filter>Header Files</Filter>
    </ClInclude>
    <ClInclude Include="D:\FlappyBird-main\TYRANT\include\tyrant.h">
      <Filter>Header Files</Filter>
    </ClInclude>
    <ClInclude Include="D:\FlappyBird-main\TYRANT\include\tyrantPch.h">
      <Filter>Header Files</Filter>
    </ClInclude>
    <ClInclude Include="D:\FlappyBird-main\TYRANT\CMakeFiles\TYRANT.dir\Debug\cmake_pch.hxx">
      <Filter>Precompile Header File</Filter>
    </ClInclude>
    <ClInclude Include="D:\FlappyBird-main\TYRANT\CMakeFiles\TYRANT.dir\Release\cmake_pch.hxx">
      <Filter>Precompile Header File</Filter>
    </ClInclude>
    <ClInclude Include="D:\FlappyBird-main\TYRANT\CMakeFiles\TYRANT.dir\MinSizeRel\cmake_pch.hxx">
      <Filter>Precompile Header File</Filter>
    </ClInclude>
    <ClInclude Include="D:\FlappyBird-main\TYRANT\CMakeFiles\TYRANT.dir\RelWithDebInfo\cmake_pch.hxx">
      <Filter>Precompile Header File</Filter>
    </ClInclude>
  </ItemGroup>
  <ItemGroup>
    <CustomBuild Include="D:\FlappyBird-main\TYRANT\CMakeLists.txt" />
  </ItemGroup>
  <ItemGroup>
    <Filter Include="Header Files">
      <UniqueIdentifier>{020C508B-F72A-319C-A9FE-DBD5034F5EBD}</UniqueIdentifier>
    </Filter>
    <Filter Include="Precompile Header File">
      <UniqueIdentifier>{6E55C1BA-0BF2-32EF-B0E3-918734B28C89}</UniqueIdentifier>
    </Filter>
    <Filter Include="Source Files">
      <UniqueIdentifier>{81CD356C-9EC2-38A3-8A2D-46D7F42DEEB1}</UniqueIdentifier>
    </Filter>
  </ItemGroup>
</Project>
